
Microsoft Visual Studio Solution File, Format Version 12.00
# Visual Studio Version 17
VisualStudioVersion = 17.2.32526.322
MinimumVisualStudioVersion = 10.0.40219.1
Project("{FAE04EC0-301F-11D3-BF4B-00C04F79EFBC}") = "TestSamurai", "TestSamurai\TestSamurai.csproj", "{1652D19B-9FCF-4572-8A4F-EFDE94CC5434}"
EndProject
Project("{FAE04EC0-301F-11D3-BF4B-00C04F79EFBC}") = "TestSamurai.UnitTests", "TestSamurai.UnitTests\TestSamurai.UnitTests.csproj", "{487E2EE9-BBF3-456A-8778-3D21B50C4A76}"
EndProject
Global
	GlobalSection(SolutionConfigurationPlatforms) = preSolution
		Debug|Any CPU = Debug|Any CPU
		Release|Any CPU = Release|Any CPU
	EndGlobalSection
	GlobalSection(ProjectConfigurationPlatforms) = postSolution
		{1652D19B-9FCF-4572-8A4F-EFDE94CC5434}.Debug|Any CPU.ActiveCfg = Debug|Any CPU
		{1652D19B-9FCF-4572-8A4F-EFDE94CC5434}.Debug|Any CPU.Build.0 = Debug|Any CPU
		{1652D19B-9FCF-4572-8A4F-EFDE94CC5434}.Release|Any CPU.ActiveCfg = Release|Any CPU
		{1652D19B-9FCF-4572-8A4F-EFDE94CC5434}.Release|Any CPU.Build.0 = Release|Any CPU
		{487E2EE9-BBF3-456A-8778-3D21B50C4A76}.Debug|Any CPU.ActiveCfg = Debug|Any CPU
		{487E2EE9-BBF3-456A-8778-3D21B50C4A76}.Debug|Any CPU.Build.0 = Debug|Any CPU
		{487E2EE9-BBF3-456A-8778-3D21B50C4A76}.Release|Any CPU.ActiveCfg = Release|Any CPU
		{487E2EE9-BBF3-456A-8778-3D21B50C4A76}.Release|Any CPU.Build.0 = Release|Any CPU
	EndGlobalSection
	GlobalSection(SolutionProperties) = preSolution
		HideSolutionNode = FALSE
	EndGlobalSection
	GlobalSection(ExtensibilityGlobals) = postSolution
		SolutionGuid = {B62C8D58-16E3-447F-8EB9-702BE30B3156}
	EndGlobalSection
EndGlobal
